// !$*UTF8*$!
{
	archiveVersion = 1;
	classes = {
	};
	objectVersion = 56;
	objects = {

/* Begin PBXBuildFile section */
		7521A1B2C3D4E5F6A7B80040 /* ProxyHelperApp.swift in Sources */ = {isa = PBXBuildFile; fileRef = 7521A1B2C3D4E5F6A7B80030 /* ProxyHelperApp.swift */; };
		7521A1B2C3D4E5F6A7B80041 /* MenuView.swift in Sources */ = {isa = PBXBuildFile; fileRef = 7521A1B2C3D4E5F6A7B80031 /* MenuView.swift */; };
		7521A1B2C3D4E5F6A7B80042 /* KernelManager.swift in Sources */ = {isa = PBXBuildFile; fileRef = 7521A1B2C3D4E5F6A7B80032 /* KernelManager.swift */; };
		7521A1B2C3D4E5F6A7B80043 /* MihomoAPI.swift in Sources */ = {isa = PBXBuildFile; fileRef = 7521A1B2C3D4E5F6A7B80033 /* MihomoAPI.swift */; };
		7521A1B2C3D4E5F6A7B80044 /* ConfigManager.swift in Sources */ = {isa = PBXBuildFile; fileRef = 7521A1B2C3D4E5F6A7B80034 /* ConfigManager.swift */; };
		7521A1B2C3D4E5F6A7B80045 /* SystemProxyManager.swift in Sources */ = {isa = PBXBuildFile; fileRef = 7521A1B2C3D4E5F6A7B80035 /* SystemProxyManager.swift */; };
		7521A1B2C3D4E5F6A7B80046 /* AppState.swift in Sources */ = {isa = PBXBuildFile; fileRef = 7521A1B2C3D4E5F6A7B80036 /* AppState.swift */; };
		7521A1B2C3D4E5F6A7B80047 /* SettingsView.swift in Sources */ = {isa = PBXBuildFile; fileRef = 7521A1B2C3D4E5F6A7B80037 /* SettingsView.swift */; };
		7521A1B2C3D4E5F6A7B80048 /* Assets.xcassets in Resources */ = {isa = PBXBuildFile; fileRef = 7521A1B2C3D4E5F6A7B80038 /* Assets.xcassets */; };
		7521A1B2C3D4E5F6A7B80077 /* ProxyHelperTests.swift in Sources */ = {isa = PBXBuildFile; fileRef = 7521A1B2C3D4E5F6A7B80076 /* ProxyHelperTests.swift */; };
		7521A1B2C3D4E5F6A7B8007D /* Utilities.swift in Sources */ = {isa = PBXBuildFile; fileRef = 7521A1B2C3D4E5F6A7B8007C /* Utilities.swift */; };
		CAFE000000000000000000A3 /* Yams in Frameworks */ = {isa = PBXBuildFile; productRef = CAFE000000000000000000A2 /* Yams */; };
		CAFE000000000000000000B1 /* LogView.swift in Sources */ = {isa = PBXBuildFile; fileRef = CAFE000000000000000000B0 /* LogView.swift */; };
		CAFE000000000000000000C1 /* DashboardView.swift in Sources */ = {isa = PBXBuildFile; fileRef = CAFE000000000000000000C0 /* DashboardView.swift */; };
/* End PBXBuildFile section */

/* Begin PBXContainerItemProxy section */
		7521A1B2C3D4E5F6A7B8007B /* PBXContainerItemProxy */ = {
			isa = PBXContainerItemProxy;
			containerPortal = 7521A1B2C3D4E5F6A7B80000 /* Project object */;
			proxyType = 1;
			remoteGlobalIDString = 7521A1B2C3D4E5F6A7B80010;
			remoteInfo = ProxyHelper;
		};
/* End PBXContainerItemProxy section */

/* Begin PBXFileReference section */
		5965DB8E2FB62CD1000E4559 /* config.yaml */ = {isa = PBXFileReference; lastKnownFileType = text.yaml; path = config.yaml; sourceTree = "<group>"; };
		7521A1B2C3D4E5F6A7B80020 /* ProxyHelper.app */ = {isa = PBXFileReference; explicitFileType = wrapper.application; includeInIndex = 0; path = ProxyHelper.app; sourceTree = BUILT_PRODUCTS_DIR; };
		7521A1B2C3D4E5F6A7B80030 /* ProxyHelperApp.swift */ = {isa = PBXFileReference; lastKnownFileType = sourcecode.swift; path = ProxyHelperApp.swift; sourceTree = "<group>"; };
		7521A1B2C3D4E5F6A7B80031 /* MenuView.swift */ = {isa = PBXFileReference; lastKnownFileType = sourcecode.swift; path = MenuView.swift; sourceTree = "<group>"; };
		7521A1B2C3D4E5F6A7B80032 /* KernelManager.swift */ = {isa = PBXFileReference; lastKnownFileType = sourcecode.swift; path = KernelManager.swift; sourceTree = "<group>"; };
		7521A1B2C3D4E5F6A7B80033 /* MihomoAPI.swift */ = {isa = PBXFileReference; lastKnownFileType = sourcecode.swift; path = MihomoAPI.swift; sourceTree = "<group>"; };
		7521A1B2C3D4E5F6A7B80034 /* ConfigManager.swift */ = {isa = PBXFileReference; lastKnownFileType = sourcecode.swift; path = ConfigManager.swift; sourceTree = "<group>"; };
		7521A1B2C3D4E5F6A7B80035 /* SystemProxyManager.swift */ = {isa = PBXFileReference; lastKnownFileType = sourcecode.swift; path = SystemProxyManager.swift; sourceTree = "<group>"; };
		7521A1B2C3D4E5F6A7B80036 /* AppState.swift */ = {isa = PBXFileReference; lastKnownFileType = sourcecode.swift; path = AppState.swift; sourceTree = "<group>"; };
		7521A1B2C3D4E5F6A7B80037 /* SettingsView.swift */ = {isa = PBXFileReference; lastKnownFileType = sourcecode.swift; path = SettingsView.swift; sourceTree = "<group>"; };
		7521A1B2C3D4E5F6A7B80038 /* Assets.xcassets */ = {isa = PBXFileReference; lastKnownFileType = folder.assetcatalog; path = Assets.xcassets; sourceTree = "<group>"; };
		7521A1B2C3D4E5F6A7B80039 /* ProxyHelper.entitlements */ = {isa = PBXFileReference; lastKnownFileType = text.plist.entitlements; path = ProxyHelper.entitlements; sourceTree = "<group>"; };
		7521A1B2C3D4E5F6A7B8003A /* Info.plist */ = {isa = PBXFileReference; lastKnownFileType = text.plist.xml; path = Info.plist; sourceTree = "<group>"; };
		7521A1B2C3D4E5F6A7B80076 /* ProxyHelperTests.swift */ = {isa = PBXFileReference; lastKnownFileType = sourcecode.swift; path = ProxyHelperTests.swift; sourceTree = "<group>"; };
		7521A1B2C3D4E5F6A7B80079 /* ProxyHelperTests.xctest */ = {isa = PBXFileReference; explicitFileType = wrapper.cfbundle; includeInIndex = 0; path = ProxyHelperTests.xctest; sourceTree = BUILT_PRODUCTS_DIR; };
		7521A1B2C3D4E5F6A7B8007C /* Utilities.swift */ = {isa = PBXFileReference; lastKnownFileType = sourcecode.swift; path = Utilities.swift; sourceTree = "<group>"; };
		CAFE000000000000000000B0 /* LogView.swift */ = {isa = PBXFileReference; lastKnownFileType = sourcecode.swift; path = LogView.swift; sourceTree = "<group>"; };
		CAFE000000000000000000C0 /* DashboardView.swift */ = {isa = PBXFileReference; lastKnownFileType = sourcecode.swift; path = DashboardView.swift; sourceTree = "<group>"; };
/* End PBXFileReference section */

/* Begin PBXFrameworksBuildPhase section */
		7521A1B2C3D4E5F6A7B80019 /* Frameworks */ = {
			isa = PBXFrameworksBuildPhase;
			buildActionMask = 2147483647;
			files = (
				CAFE000000000000000000A3 /* Yams in Frameworks */,
			);
			runOnlyForDeploymentPostprocessing = 0;
		};
		7521A1B2C3D4E5F6A7B80072 /* Frameworks */ = {
			isa = PBXFrameworksBuildPhase;
			buildActionMask = 2147483647;
			files = (
			);
			runOnlyForDeploymentPostprocessing = 0;
		};
/* End PBXFrameworksBuildPhase section */

/* Begin PBXGroup section */
		7521A1B2C3D4E5F6A7B80001 = {
			isa = PBXGroup;
			children = (
				7521A1B2C3D4E5F6A7B80004 /* ProxyHelper */,
				7521A1B2C3D4E5F6A7B80078 /* ProxyHelperTests */,
				7521A1B2C3D4E5F6A7B80003 /* Products */,
				5965DB8E2FB62CD1000E4559 /* config.yaml */,
			);
			sourceTree = "<group>";
		};
		7521A1B2C3D4E5F6A7B80003 /* Products */ = {
			isa = PBXGroup;
			children = (
				7521A1B2C3D4E5F6A7B80020 /* ProxyHelper.app */,
				7521A1B2C3D4E5F6A7B80079 /* ProxyHelperTests.xctest */,
			);
			name = Products;
			sourceTree = "<group>";
		};
		7521A1B2C3D4E5F6A7B80004 /* ProxyHelper */ = {
			isa = PBXGroup;
			children = (
				7521A1B2C3D4E5F6A7B80030 /* ProxyHelperApp.swift */,
				7521A1B2C3D4E5F6A7B80031 /* MenuView.swift */,
				7521A1B2C3D4E5F6A7B80032 /* KernelManager.swift */,
				7521A1B2C3D4E5F6A7B80033 /* MihomoAPI.swift */,
				7521A1B2C3D4E5F6A7B80034 /* ConfigManager.swift */,
				7521A1B2C3D4E5F6A7B80035 /* SystemProxyManager.swift */,
				7521A1B2C3D4E5F6A7B80036 /* AppState.swift */,
				7521A1B2C3D4E5F6A7B80037 /* SettingsView.swift */,
				7521A1B2C3D4E5F6A7B8007C /* Utilities.swift */,
				CAFE000000000000000000B0 /* LogView.swift */,
				CAFE000000000000000000C0 /* DashboardView.swift */,
					7521A1B2C3D4E5F6A7B80038 /* Assets.xcassets */,
				7521A1B2C3D4E5F6A7B80039 /* ProxyHelper.entitlements */,
				7521A1B2C3D4E5F6A7B8003A /* Info.plist */,
			);
			path = ProxyHelper;
			sourceTree = "<group>";
		};
		7521A1B2C3D4E5F6A7B80078 /* ProxyHelperTests */ = {
			isa = PBXGroup;
			children = (
				7521A1B2C3D4E5F6A7B80076 /* ProxyHelperTests.swift */,
			);
			path = ProxyHelperTests;
			sourceTree = "<group>";
		};
/* End PBXGroup section */

/* Begin PBXNativeTarget section */
		7521A1B2C3D4E5F6A7B80010 /* ProxyHelper */ = {
			isa = PBXNativeTarget;
			buildConfigurationList = 7521A1B2C3D4E5F6A7B80012 /* Build configuration list for PBXNativeTarget "ProxyHelper" */;
			buildPhases = (
				7521A1B2C3D4E5F6A7B80017 /* Sources */,
				7521A1B2C3D4E5F6A7B80018 /* Resources */,
				7521A1B2C3D4E5F6A7B80019 /* Frameworks */,
			);
			buildRules = (
			);
			dependencies = (
			);
			name = ProxyHelper;
			packageProductDependencies = (
				CAFE000000000000000000A2 /* Yams */,
			);
			productName = ProxyHelper;
			productReference = 7521A1B2C3D4E5F6A7B80020 /* ProxyHelper.app */;
			productType = "com.apple.product-type.application";
		};
		7521A1B2C3D4E5F6A7B80070 /* ProxyHelperTests */ = {
			isa = PBXNativeTarget;
			buildConfigurationList = 7521A1B2C3D4E5F6A7B80073 /* Build configuration list for PBXNativeTarget "ProxyHelperTests" */;
			buildPhases = (
				7521A1B2C3D4E5F6A7B80071 /* Sources */,
				7521A1B2C3D4E5F6A7B80072 /* Frameworks */,
			);
			buildRules = (
			);
			dependencies = (
				7521A1B2C3D4E5F6A7B8007A /* PBXTargetDependency */,
			);
			name = ProxyHelperTests;
			productName = ProxyHelperTests;
			productReference = 7521A1B2C3D4E5F6A7B80079 /* ProxyHelperTests.xctest */;
			productType = "com.apple.product-type.bundle.unit-test";
		};
/* End PBXNativeTarget section */

/* Begin PBXProject section */
		7521A1B2C3D4E5F6A7B80000 /* Project object */ = {
			isa = PBXProject;
			attributes = {
				BuildIndependentTargetsInParallel = 1;
				LastSwiftUpdateCheck = 1600;
				LastUpgradeCheck = 1600;
				TargetAttributes = {
					7521A1B2C3D4E5F6A7B80010 = {
						CreatedOnToolsVersion = 16.0;
					};
					7521A1B2C3D4E5F6A7B80070 = {
						CreatedOnToolsVersion = 16.0;
						TestTargetID = 7521A1B2C3D4E5F6A7B80010;
					};
				};
			};
			buildConfigurationList = 7521A1B2C3D4E5F6A7B80011 /* Build configuration list for PBXProject "ProxyHelper" */;
			compatibilityVersion = "Xcode 14.0";
			developmentRegion = en;
			hasScannedForEncodings = 0;
			knownRegions = (
				en,
				Base,
			);
			mainGroup = 7521A1B2C3D4E5F6A7B80001;
			productRefGroup = 7521A1B2C3D4E5F6A7B80003 /* Products */;
			packageReferences = (
				CAFE000000000000000000A1 /* XCRemoteSwiftPackageReference "Yams" */,
			);
			projectDirPath = "";
			projectRoot = "";
			targets = (
				7521A1B2C3D4E5F6A7B80010 /* ProxyHelper */,
				7521A1B2C3D4E5F6A7B80070 /* ProxyHelperTests */,
			);
		};
/* End PBXProject section */

/* Begin PBXResourcesBuildPhase section */
		7521A1B2C3D4E5F6A7B80018 /* Resources */ = {
			isa = PBXResourcesBuildPhase;
			buildActionMask = 2147483647;
			files = (
				7521A1B2C3D4E5F6A7B80048 /* Assets.xcassets in Resources */,
			);
			runOnlyForDeploymentPostprocessing = 0;
		};
/* End PBXResourcesBuildPhase section */

/* Begin PBXSourcesBuildPhase section */
		7521A1B2C3D4E5F6A7B80017 /* Sources */ = {
			isa = PBXSourcesBuildPhase;
			buildActionMask = 2147483647;
			files = (
				7521A1B2C3D4E5F6A7B80040 /* ProxyHelperApp.swift in Sources */,
				7521A1B2C3D4E5F6A7B80041 /* MenuView.swift in Sources */,
				7521A1B2C3D4E5F6A7B80042 /* KernelManager.swift in Sources */,
				7521A1B2C3D4E5F6A7B80043 /* MihomoAPI.swift in Sources */,
				7521A1B2C3D4E5F6A7B80044 /* ConfigManager.swift in Sources */,
				7521A1B2C3D4E5F6A7B80045 /* SystemProxyManager.swift in Sources */,
				7521A1B2C3D4E5F6A7B80046 /* AppState.swift in Sources */,
				7521A1B2C3D4E5F6A7B80047 /* SettingsView.swift in Sources */,
				7521A1B2C3D4E5F6A7B8007D /* Utilities.swift in Sources */,
				CAFE000000000000000000B1 /* LogView.swift in Sources */,
				CAFE000000000000000000C1 /* DashboardView.swift in Sources */,
				);
			runOnlyForDeploymentPostprocessing = 0;
		};
		7521A1B2C3D4E5F6A7B80071 /* Sources */ = {
			isa = PBXSourcesBuildPhase;
			buildActionMask = 2147483647;
			files = (
				7521A1B2C3D4E5F6A7B80077 /* ProxyHelperTests.swift in Sources */,
			);
			runOnlyForDeploymentPostprocessing = 0;
		};
/* End PBXSourcesBuildPhase section */

/* Begin PBXTargetDependency section */
		7521A1B2C3D4E5F6A7B8007A /* PBXTargetDependency */ = {
			isa = PBXTargetDependency;
			target = 7521A1B2C3D4E5F6A7B80010 /* ProxyHelper */;
			targetProxy = 7521A1B2C3D4E5F6A7B8007B /* PBXContainerItemProxy */;
		};
/* End PBXTargetDependency section */

/* Begin XCBuildConfiguration section */
		7521A1B2C3D4E5F6A7B80013 /* Debug */ = {
			isa = XCBuildConfiguration;
			buildSettings = {
				ALWAYS_SEARCH_USER_PATHS = NO;
				ASSETCATALOG_COMPILER_GENERATE_SWIFT_ASSET_SYMBOL_EXTENSIONS = YES;
				CLANG_ANALYZER_NONNULL = YES;
				CLANG_CXX_LANGUAGE_STANDARD = "gnu++20";
				CLANG_ENABLE_MODULES = YES;
				CLANG_ENABLE_OBJC_ARC = YES;
				CLANG_ENABLE_OBJC_WEAK = YES;
				CLANG_WARN_BLOCK_CAPTURE_AUTORELEASING = YES;
				CLANG_WARN_BOOL_CONVERSION = YES;
				CLANG_WARN_COMMA = YES;
				CLANG_WARN_CONSTANT_CONVERSION = YES;
				CLANG_WARN_DEPRECATED_OBJC_IMPLEMENTATIONS = YES;
				CLANG_WARN_DIRECT_OBJC_ISA_USAGE = YES_ERROR;
				CLANG_WARN_DOCUMENTATION_COMMENTS = YES;
				CLANG_WARN_EMPTY_BODY = YES;
				CLANG_WARN_ENUM_CONVERSION = YES;
				CLANG_WARN_INFINITE_RECURSION = YES;
				CLANG_WARN_INT_CONVERSION = YES;
				CLANG_WARN_NON_LITERAL_NULL_CONVERSION = YES;
				CLANG_WARN_OBJC_IMPLICIT_RETAIN_CYCLE = YES;
				CLANG_WARN_OBJC_LITERAL_CONVERSION = YES;
				CLANG_WARN_OBJC_ROOT_CLASS = YES_ERROR;
				CLANG_WARN_RANGE_LOOP_ANALYSIS = YES;
				CLANG_WARN_STRICT_PROTOTYPES = YES;
				CLANG_WARN_SUSPICIOUS_MOVE = YES;
				CLANG_WARN_UNGUARDED_AVAILABILITY = YES_AGGRESSIVE;
				CLANG_WARN_UNREACHABLE_CODE = YES;
				CLANG_WARN__DUPLICATE_METHOD_MATCH = YES;
				COPY_PHASE_STRIP = NO;
				DEBUG_INFORMATION_FORMAT = dwarf;
				ENABLE_STRICT_OBJC_MSGSEND = YES;
				ENABLE_TESTABILITY = YES;
				ENABLE_USER_SCRIPT_SANDBOXING = YES;
				GCC_C_LANGUAGE_STANDARD = gnu17;
				GCC_DYNAMIC_NO_PIC = NO;
				GCC_NO_COMMON_BLOCKS = YES;
				GCC_OPTIMIZATION_LEVEL = 0;
				GCC_PREPROCESSOR_DEFINITIONS = (
					"DEBUG=1",
					"$(inherited)",
				);
				GCC_WARN_64_TO_32_BIT_CONVERSION = YES;
				GCC_WARN_ABOUT_RETURN_TYPE = YES_ERROR;
				GCC_WARN_UNDECLARED_SELECTOR = YES;
				GCC_WARN_UNINITIALIZED_AUTOS = YES_AGGRESSIVE;
				GCC_WARN_UNUSED_FUNCTION = YES;
				GCC_WARN_UNUSED_VARIABLE = YES;
				LOCALIZATION_PREFERS_STRING_CATALOGS = YES;
				MACOSX_DEPLOYMENT_TARGET = 26.0;
				MTL_ENABLE_DEBUG_INFO = INCLUDE_SOURCE;
				MTL_FAST_MATH = YES;
				ONLY_ACTIVE_ARCH = YES;
				SDKROOT = macosx;
				SWIFT_ACTIVE_COMPILATION_CONDITIONS = "DEBUG $(inherited)";
				SWIFT_OPTIMIZATION_LEVEL = "-Onone";
			};
			name = Debug;
		};
		7521A1B2C3D4E5F6A7B80014 /* Release */ = {
			isa = XCBuildConfiguration;
			buildSettings = {
				ALWAYS_SEARCH_USER_PATHS = NO;
				ASSETCATALOG_COMPILER_GENERATE_SWIFT_ASSET_SYMBOL_EXTENSIONS = YES;
				CLANG_ANALYZER_NONNULL = YES;
				CLANG_CXX_LANGUAGE_STANDARD = "gnu++20";
				CLANG_ENABLE_MODULES = YES;
				CLANG_ENABLE_OBJC_ARC = YES;
				CLANG_ENABLE_OBJC_WEAK = YES;
				CLANG_WARN_BLOCK_CAPTURE_AUTORELEASING = YES;
				CLANG_WARN_BOOL_CONVERSION = YES;
				CLANG_WARN_COMMA = YES;
				CLANG_WARN_CONSTANT_CONVERSION = YES;
				CLANG_WARN_DEPRECATED_OBJC_IMPLEMENTATIONS = YES;
				CLANG_WARN_DIRECT_OBJC_ISA_USAGE = YES_ERROR;
				CLANG_WARN_DOCUMENTATION_COMMENTS = YES;
				CLANG_WARN_EMPTY_BODY = YES;
				CLANG_WARN_ENUM_CONVERSION = YES;
				CLANG_WARN_INFINITE_RECURSION = YES;
				CLANG_WARN_INT_CONVERSION = YES;
				CLANG_WARN_NON_LITERAL_NULL_CONVERSION = YES;
				CLANG_WARN_OBJC_IMPLICIT_RETAIN_CYCLE = YES;
				CLANG_WARN_OBJC_LITERAL_CONVERSION = YES;
				CLANG_WARN_OBJC_ROOT_CLASS = YES_ERROR;
				CLANG_WARN_RANGE_LOOP_ANALYSIS = YES;
				CLANG_WARN_STRICT_PROTOTYPES = YES;
				CLANG_WARN_SUSPICIOUS_MOVE = YES;
				CLANG_WARN_UNGUARDED_AVAILABILITY = YES_AGGRESSIVE;
				CLANG_WARN_UNREACHABLE_CODE = YES;
				CLANG_WARN__DUPLICATE_METHOD_MATCH = YES;
				COPY_PHASE_STRIP = NO;
				DEBUG_INFORMATION_FORMAT = "dwarf-with-dsym";
				ENABLE_NS_ASSERTIONS = NO;
				ENABLE_STRICT_OBJC_MSGSEND = YES;
				ENABLE_USER_SCRIPT_SANDBOXING = YES;
				GCC_C_LANGUAGE_STANDARD = gnu17;
				GCC_NO_COMMON_BLOCKS = YES;
				GCC_WARN_64_TO_32_BIT_CONVERSION = YES;
				GCC_WARN_ABOUT_RETURN_TYPE = YES_ERROR;
				GCC_WARN_UNDECLARED_SELECTOR = YES;
				GCC_WARN_UNINITIALIZED_AUTOS = YES_AGGRESSIVE;
				GCC_WARN_UNUSED_FUNCTION = YES;
				GCC_WARN_UNUSED_VARIABLE = YES;
				LOCALIZATION_PREFERS_STRING_CATALOGS = YES;
				MACOSX_DEPLOYMENT_TARGET = 26.0;
				MTL_FAST_MATH = YES;
				SDKROOT = macosx;
				SWIFT_COMPILATION_MODE = wholemodule;
			};
			name = Release;
		};
		7521A1B2C3D4E5F6A7B80015 /* Debug */ = {
			isa = XCBuildConfiguration;
			buildSettings = {
				ASSETCATALOG_COMPILER_APPICON_NAME = AppIcon;
				CODE_SIGN_ENTITLEMENTS = ProxyHelper/ProxyHelper.entitlements;
				CODE_SIGN_STYLE = Automatic;
				COMBINE_HIDPI_IMAGES = YES;
				CURRENT_PROJECT_VERSION = 1;
				DEVELOPMENT_TEAM = 6AGGFD5SXS;
				ENABLE_HARDENED_RUNTIME = YES;
				INFOPLIST_FILE = ProxyHelper/Info.plist;
				LD_RUNPATH_SEARCH_PATHS = (
					"$(inherited)",
					"@executable_path/../Frameworks",
				);
				MARKETING_VERSION = 1.0;
				PRODUCT_BUNDLE_IDENTIFIER = com.lielienan.ProxyHelper;
				PRODUCT_NAME = "$(TARGET_NAME)";
				SWIFT_EMIT_LOC_STRINGS = YES;
				SWIFT_VERSION = 6.0;
			};
			name = Debug;
		};
		7521A1B2C3D4E5F6A7B80016 /* Release */ = {
			isa = XCBuildConfiguration;
			buildSettings = {
				ASSETCATALOG_COMPILER_APPICON_NAME = AppIcon;
				CODE_SIGN_ENTITLEMENTS = ProxyHelper/ProxyHelper.entitlements;
				CODE_SIGN_STYLE = Automatic;
				COMBINE_HIDPI_IMAGES = YES;
				CURRENT_PROJECT_VERSION = 1;
				DEVELOPMENT_TEAM = 6AGGFD5SXS;
				ENABLE_HARDENED_RUNTIME = YES;
				INFOPLIST_FILE = ProxyHelper/Info.plist;
				LD_RUNPATH_SEARCH_PATHS = (
					"$(inherited)",
					"@executable_path/../Frameworks",
				);
				MARKETING_VERSION = 1.0;
				PRODUCT_BUNDLE_IDENTIFIER = com.lielienan.ProxyHelper;
				PRODUCT_NAME = "$(TARGET_NAME)";
				SWIFT_EMIT_LOC_STRINGS = YES;
				SWIFT_VERSION = 6.0;
			};
			name = Release;
		};
		7521A1B2C3D4E5F6A7B80074 /* Debug */ = {
			isa = XCBuildConfiguration;
			buildSettings = {
				BUNDLE_LOADER = "$(TEST_HOST)";
				CODE_SIGN_STYLE = Automatic;
				CURRENT_PROJECT_VERSION = 1;
				DEVELOPMENT_TEAM = 6AGGFD5SXS;
				GENERATE_INFOPLIST_FILE = YES;
				MACOSX_DEPLOYMENT_TARGET = 26.0;
				MARKETING_VERSION = 1.0;
				PRODUCT_BUNDLE_IDENTIFIER = com.lielienan.ProxyHelperTests;
				PRODUCT_NAME = "$(TARGET_NAME)";
				SWIFT_VERSION = 6.0;
				TEST_HOST = "$(BUILT_PRODUCTS_DIR)/ProxyHelper.app/Contents/MacOS/ProxyHelper";
			};
			name = Debug;
		};
		7521A1B2C3D4E5F6A7B80075 /* Release */ = {
			isa = XCBuildConfiguration;
			buildSettings = {
				BUNDLE_LOADER = "$(TEST_HOST)";
				CODE_SIGN_STYLE = Automatic;
				CURRENT_PROJECT_VERSION = 1;
				DEVELOPMENT_TEAM = 6AGGFD5SXS;
				GENERATE_INFOPLIST_FILE = YES;
				MACOSX_DEPLOYMENT_TARGET = 26.0;
				MARKETING_VERSION = 1.0;
				PRODUCT_BUNDLE_IDENTIFIER = com.lielienan.ProxyHelperTests;
				PRODUCT_NAME = "$(TARGET_NAME)";
				SWIFT_VERSION = 6.0;
				TEST_HOST = "$(BUILT_PRODUCTS_DIR)/ProxyHelper.app/Contents/MacOS/ProxyHelper";
			};
			name = Release;
		};
/* End XCBuildConfiguration section */

/* Begin XCConfigurationList section */
		7521A1B2C3D4E5F6A7B80011 /* Build configuration list for PBXProject "ProxyHelper" */ = {
			isa = XCConfigurationList;
			buildConfigurations = (
				7521A1B2C3D4E5F6A7B80013 /* Debug */,
				7521A1B2C3D4E5F6A7B80014 /* Release */,
			);
			defaultConfigurationIsVisible = 0;
			defaultConfigurationName = Release;
		};
		7521A1B2C3D4E5F6A7B80012 /* Build configuration list for PBXNativeTarget "ProxyHelper" */ = {
			isa = XCConfigurationList;
			buildConfigurations = (
				7521A1B2C3D4E5F6A7B80015 /* Debug */,
				7521A1B2C3D4E5F6A7B80016 /* Release */,
			);
			defaultConfigurationIsVisible = 0;
			defaultConfigurationName = Release;
		};
		7521A1B2C3D4E5F6A7B80073 /* Build configuration list for PBXNativeTarget "ProxyHelperTests" */ = {
			isa = XCConfigurationList;
			buildConfigurations = (
				7521A1B2C3D4E5F6A7B80074 /* Debug */,
				7521A1B2C3D4E5F6A7B80075 /* Release */,
			);
			defaultConfigurationIsVisible = 0;
			defaultConfigurationName = Release;
		};
/* End XCConfigurationList section */

/* Begin XCRemoteSwiftPackageReference section */
		CAFE000000000000000000A1 /* XCRemoteSwiftPackageReference "Yams" */ = {
			isa = XCRemoteSwiftPackageReference;
			repositoryURL = "https://github.com/jpsim/Yams.git";
			requirement = {
				kind = upToNextMajorVersion;
				minimumVersion = 5.0.0;
			};
		};
/* End XCRemoteSwiftPackageReference section */

/* Begin XCSwiftPackageProductDependency section */
		CAFE000000000000000000A2 /* Yams */ = {
			isa = XCSwiftPackageProductDependency;
			package = CAFE000000000000000000A1 /* XCRemoteSwiftPackageReference "Yams" */;
			productName = Yams;
		};
/* End XCSwiftPackageProductDependency section */
	};
	rootObject = 7521A1B2C3D4E5F6A7B80000 /* Project object */;
}
